
Microsoft Visual Studio Solution File, Format Version 12.00
# Visual Studio Version 17
VisualStudioVersion = 17.5.33103.201
MinimumVisualStudioVersion = 10.0.40219.1
Project("{9A19103F-16F7-4668-BE54-9A1E7A4F7556}") = "SingletonPatternQA", "Ch-01\SingletonPatternQA\SingletonPatternQA.csproj", "{9C4EEAD0-EF3C-4854-B86C-D214D4B834A6}"
EndProject
Project("{2150E333-8FDC-42A3-9474-1A3956D46DE8}") = "Ch-01", "Ch-01", "{2A058AC8-B672-4B43-9A19-CC2D41643A32}"
EndProject
Project("{2150E333-8FDC-42A3-9474-1A3956D46DE8}") = "Ch-02", "Ch-02", "{3B5247DE-5D17-4C0E-9A6D-603D94C1699B}"
EndProject
Project("{2150E333-8FDC-42A3-9474-1A3956D46DE8}") = "Ch-03", "Ch-03", "{076DA8EF-4782-411F-B34F-6BD8567B73E7}"
	ProjectSection(SolutionItems) = preProject
		Ch-03\BuilderPatternSecondDemonstration\BuilderPatternSecondDemonstration.csproj = Ch-03\BuilderPatternSecondDemonstration\BuilderPatternSecondDemonstration.csproj
	EndProjectSection
EndProject
Project("{2150E333-8FDC-42A3-9474-1A3956D46DE8}") = "Ch-04", "Ch-04", "{C785DB47-0517-4925-8075-7B45672BD4AE}"
EndProject
Project("{2150E333-8FDC-42A3-9474-1A3956D46DE8}") = "Ch-05", "Ch-05", "{0F25903B-E33A-4FF2-99FA-A4F873DAFEF4}"
EndProject
Project("{2150E333-8FDC-42A3-9474-1A3956D46DE8}") = "Ch-06", "Ch-06", "{803E14E6-A278-4A40-83B6-6E70B1A006AE}"
EndProject
Project("{2150E333-8FDC-42A3-9474-1A3956D46DE8}") = "Ch-07", "Ch-07", "{93CF801A-496F-4A87-A138-887F68EF09BC}"
EndProject
Project("{2150E333-8FDC-42A3-9474-1A3956D46DE8}") = "Ch-08", "Ch-08", "{BF39DDB9-FF4F-41F6-B52A-6841CDC6DC5D}"
EndProject
Project("{2150E333-8FDC-42A3-9474-1A3956D46DE8}") = "Ch-09", "Ch-09", "{E879A63E-5C5A-4CD4-B38F-B776399BC79E}"
EndProject
Project("{2150E333-8FDC-42A3-9474-1A3956D46DE8}") = "Ch-10", "Ch-10", "{1C0E3B79-EA88-433E-8CFA-D26B293E92E3}"
EndProject
Project("{2150E333-8FDC-42A3-9474-1A3956D46DE8}") = "Ch-11", "Ch-11", "{8A97DD7D-83AD-4BCC-93C6-3B2F4C159A3B}"
EndProject
Project("{2150E333-8FDC-42A3-9474-1A3956D46DE8}") = "Ch-12", "Ch-12", "{C303E9A5-DD56-43EA-B3B9-405E9C014CD9}"
EndProject
Project("{2150E333-8FDC-42A3-9474-1A3956D46DE8}") = "Ch-13", "Ch-13", "{9C25B1E1-0546-45BB-A150-01D49BC01F29}"
EndProject
Project("{2150E333-8FDC-42A3-9474-1A3956D46DE8}") = "Ch-14", "Ch-14", "{68AB2C5E-0729-45D0-A5BF-242DB2782E35}"
EndProject
Project("{2150E333-8FDC-42A3-9474-1A3956D46DE8}") = "Ch-15", "Ch-15", "{13D07071-E7D3-4581-98E7-C9FBA22DC857}"
EndProject
Project("{2150E333-8FDC-42A3-9474-1A3956D46DE8}") = "Ch-16", "Ch-16", "{4FC92B2E-D01A-46B1-949E-F53038734DD3}"
EndProject
Project("{2150E333-8FDC-42A3-9474-1A3956D46DE8}") = "Ch-17", "Ch-17", "{E4531D61-F5D3-463D-B0C7-2C3C65AAB62F}"
EndProject
Project("{2150E333-8FDC-42A3-9474-1A3956D46DE8}") = "Ch-18", "Ch-18", "{33977192-F527-4787-952B-C6FA63AE80BC}"
EndProject
Project("{2150E333-8FDC-42A3-9474-1A3956D46DE8}") = "Ch-19", "Ch-19", "{86C0E93E-B743-46A9-B40E-CE839CFCF46C}"
EndProject
Project("{2150E333-8FDC-42A3-9474-1A3956D46DE8}") = "Ch-20", "Ch-20", "{9825396A-16C6-489E-98B7-83FB408EC8A8}"
EndProject
Project("{2150E333-8FDC-42A3-9474-1A3956D46DE8}") = "Ch-21", "Ch-21", "{4D3A30DE-159B-4119-B96D-98C1A916424D}"
EndProject
Project("{2150E333-8FDC-42A3-9474-1A3956D46DE8}") = "Ch-22", "Ch-22", "{3F982ACF-4DBE-46FC-A393-7695E4BF0337}"
EndProject
Project("{2150E333-8FDC-42A3-9474-1A3956D46DE8}") = "Ch-23", "Ch-23", "{70904A52-6359-41CD-BD2E-5A02441CDFE5}"
EndProject
Project("{2150E333-8FDC-42A3-9474-1A3956D46DE8}") = "Ch-24", "Ch-24", "{15014C16-E4B0-43FC-9B49-ED2C17681D77}"
EndProject
Project("{2150E333-8FDC-42A3-9474-1A3956D46DE8}") = "Ch-25", "Ch-25", "{27E66E1B-53B9-45A0-AB61-35604506A6C7}"
EndProject
Project("{2150E333-8FDC-42A3-9474-1A3956D46DE8}") = "Ch-26", "Ch-26", "{A785F998-0853-48C7-9843-FF3A32C6C508}"
EndProject
Project("{2150E333-8FDC-42A3-9474-1A3956D46DE8}") = "Ch-27", "Ch-27", "{06464CFF-F45D-4962-B05A-4A07150977C8}"
EndProject
Project("{9A19103F-16F7-4668-BE54-9A1E7A4F7556}") = "SingletonPatternUsingStaticConstructor", "Ch-01\SingletonPatternUsingStaticConstructor\SingletonPatternUsingStaticConstructor.csproj", "{DE4A093A-999C-40B4-9C05-29C55551EBB7}"
EndProject
Project("{9A19103F-16F7-4668-BE54-9A1E7A4F7556}") = "SingletonPatternUsingStaticInitialization", "Ch-01\SingletonPatternUsingStaticInitialization\SingletonPatternUsingStaticInitialization.csproj", "{34D2306E-C335-4D45-9279-74462F694CA4}"
EndProject
Project("{9A19103F-16F7-4668-BE54-9A1E7A4F7556}") = "UsingDoubleCheckedLocking", "Ch-01\UsingDoubleCheckedLocking\UsingDoubleCheckedLocking.csproj", "{12A09A53-D1B1-48BA-83A5-21FAFFCA93D9}"
EndProject
Project("{9A19103F-16F7-4668-BE54-9A1E7A4F7556}") = "UsingGenericLazyClassFromDotNet4", "Ch-01\UsingGenericLazyClassFromDotNet4\UsingGenericLazyClassFromDotNet4.csproj", "{77CA9F68-CF62-476A-9EEA-576E51D1CA70}"
EndProject
Project("{9A19103F-16F7-4668-BE54-9A1E7A4F7556}") = "UsingSingleLockForSingletonPattern", "Ch-01\UsingSingleLockForSingletonPattern\UsingSingleLockForSingletonPattern.csproj", "{7CF6C796-B44C-4889-8760-BD257632E2FB}"
EndProject
Project("{9A19103F-16F7-4668-BE54-9A1E7A4F7556}") = "PrototypePattern", "Ch-02\PrototypePattern\PrototypePattern.csproj", "{40F7258A-A07C-4953-8EEA-D51AD4A8A8D3}"
EndProject
Project("{9A19103F-16F7-4668-BE54-9A1E7A4F7556}") = "PrototypePatternDemo2", "Ch-02\PrototypePatternDemo2\PrototypePatternDemo2.csproj", "{B0ABFE12-9C16-4B07-9623-9D2DA085E6AD}"
EndProject
Project("{9A19103F-16F7-4668-BE54-9A1E7A4F7556}") = "ShallowVsDeepCopy", "Ch-02\ShallowVsDeepCopy\ShallowVsDeepCopy.csproj", "{B609F3C8-7CFA-4352-93CB-C658C1131559}"
EndProject
Project("{9A19103F-16F7-4668-BE54-9A1E7A4F7556}") = "UserdefinedCopyConstructorDemo", "Ch-02\UserdefinedCopyConstructorDemo\UserdefinedCopyConstructorDemo.csproj", "{82D6F3D6-0D9C-4C47-9077-8145B910D0DB}"
EndProject
Project("{9A19103F-16F7-4668-BE54-9A1E7A4F7556}") = "BuilderPatternSimpleExample", "Ch-03\BuilderPatternSimpleExample\BuilderPatternSimpleExample.csproj", "{CF37D76F-C2D3-44E8-89CD-259410C2FEC7}"
EndProject
Global
	GlobalSection(SolutionConfigurationPlatforms) = preSolution
		Debug|Any CPU = Debug|Any CPU
		Release|Any CPU = Release|Any CPU
	EndGlobalSection
	GlobalSection(ProjectConfigurationPlatforms) = postSolution
		{9C4EEAD0-EF3C-4854-B86C-D214D4B834A6}.Debug|Any CPU.ActiveCfg = Debug|Any CPU
		{9C4EEAD0-EF3C-4854-B86C-D214D4B834A6}.Debug|Any CPU.Build.0 = Debug|Any CPU
		{9C4EEAD0-EF3C-4854-B86C-D214D4B834A6}.Release|Any CPU.ActiveCfg = Release|Any CPU
		{9C4EEAD0-EF3C-4854-B86C-D214D4B834A6}.Release|Any CPU.Build.0 = Release|Any CPU
		{DE4A093A-999C-40B4-9C05-29C55551EBB7}.Debug|Any CPU.ActiveCfg = Debug|Any CPU
		{DE4A093A-999C-40B4-9C05-29C55551EBB7}.Debug|Any CPU.Build.0 = Debug|Any CPU
		{DE4A093A-999C-40B4-9C05-29C55551EBB7}.Release|Any CPU.ActiveCfg = Release|Any CPU
		{DE4A093A-999C-40B4-9C05-29C55551EBB7}.Release|Any CPU.Build.0 = Release|Any CPU
		{34D2306E-C335-4D45-9279-74462F694CA4}.Debug|Any CPU.ActiveCfg = Debug|Any CPU
		{34D2306E-C335-4D45-9279-74462F694CA4}.Debug|Any CPU.Build.0 = Debug|Any CPU
		{34D2306E-C335-4D45-9279-74462F694CA4}.Release|Any CPU.ActiveCfg = Release|Any CPU
		{34D2306E-C335-4D45-9279-74462F694CA4}.Release|Any CPU.Build.0 = Release|Any CPU
		{12A09A53-D1B1-48BA-83A5-21FAFFCA93D9}.Debug|Any CPU.ActiveCfg = Debug|Any CPU
		{12A09A53-D1B1-48BA-83A5-21FAFFCA93D9}.Debug|Any CPU.Build.0 = Debug|Any CPU
		{12A09A53-D1B1-48BA-83A5-21FAFFCA93D9}.Release|Any CPU.ActiveCfg = Release|Any CPU
		{12A09A53-D1B1-48BA-83A5-21FAFFCA93D9}.Release|Any CPU.Build.0 = Release|Any CPU
		{77CA9F68-CF62-476A-9EEA-576E51D1CA70}.Debug|Any CPU.ActiveCfg = Debug|Any CPU
		{77CA9F68-CF62-476A-9EEA-576E51D1CA70}.Debug|Any CPU.Build.0 = Debug|Any CPU
		{77CA9F68-CF62-476A-9EEA-576E51D1CA70}.Release|Any CPU.ActiveCfg = Release|Any CPU
		{77CA9F68-CF62-476A-9EEA-576E51D1CA70}.Release|Any CPU.Build.0 = Release|Any CPU
		{7CF6C796-B44C-4889-8760-BD257632E2FB}.Debug|Any CPU.ActiveCfg = Debug|Any CPU
		{7CF6C796-B44C-4889-8760-BD257632E2FB}.Debug|Any CPU.Build.0 = Debug|Any CPU
		{7CF6C796-B44C-4889-8760-BD257632E2FB}.Release|Any CPU.ActiveCfg = Release|Any CPU
		{7CF6C796-B44C-4889-8760-BD257632E2FB}.Release|Any CPU.Build.0 = Release|Any CPU
		{40F7258A-A07C-4953-8EEA-D51AD4A8A8D3}.Debug|Any CPU.ActiveCfg = Debug|Any CPU
		{40F7258A-A07C-4953-8EEA-D51AD4A8A8D3}.Debug|Any CPU.Build.0 = Debug|Any CPU
		{40F7258A-A07C-4953-8EEA-D51AD4A8A8D3}.Release|Any CPU.ActiveCfg = Release|Any CPU
		{40F7258A-A07C-4953-8EEA-D51AD4A8A8D3}.Release|Any CPU.Build.0 = Release|Any CPU
		{B0ABFE12-9C16-4B07-9623-9D2DA085E6AD}.Debug|Any CPU.ActiveCfg = Debug|Any CPU
		{B0ABFE12-9C16-4B07-9623-9D2DA085E6AD}.Debug|Any CPU.Build.0 = Debug|Any CPU
		{B0ABFE12-9C16-4B07-9623-9D2DA085E6AD}.Release|Any CPU.ActiveCfg = Release|Any CPU
		{B0ABFE12-9C16-4B07-9623-9D2DA085E6AD}.Release|Any CPU.Build.0 = Release|Any CPU
		{B609F3C8-7CFA-4352-93CB-C658C1131559}.Debug|Any CPU.ActiveCfg = Debug|Any CPU
		{B609F3C8-7CFA-4352-93CB-C658C1131559}.Debug|Any CPU.Build.0 = Debug|Any CPU
		{B609F3C8-7CFA-4352-93CB-C658C1131559}.Release|Any CPU.ActiveCfg = Release|Any CPU
		{B609F3C8-7CFA-4352-93CB-C658C1131559}.Release|Any CPU.Build.0 = Release|Any CPU
		{82D6F3D6-0D9C-4C47-9077-8145B910D0DB}.Debug|Any CPU.ActiveCfg = Debug|Any CPU
		{82D6F3D6-0D9C-4C47-9077-8145B910D0DB}.Debug|Any CPU.Build.0 = Debug|Any CPU
		{82D6F3D6-0D9C-4C47-9077-8145B910D0DB}.Release|Any CPU.ActiveCfg = Release|Any CPU
		{82D6F3D6-0D9C-4C47-9077-8145B910D0DB}.Release|Any CPU.Build.0 = Release|Any CPU
		{CF37D76F-C2D3-44E8-89CD-259410C2FEC7}.Debug|Any CPU.ActiveCfg = Debug|Any CPU
		{CF37D76F-C2D3-44E8-89CD-259410C2FEC7}.Debug|Any CPU.Build.0 = Debug|Any CPU
		{CF37D76F-C2D3-44E8-89CD-259410C2FEC7}.Release|Any CPU.ActiveCfg = Release|Any CPU
		{CF37D76F-C2D3-44E8-89CD-259410C2FEC7}.Release|Any CPU.Build.0 = Release|Any CPU
	EndGlobalSection
	GlobalSection(SolutionProperties) = preSolution
		HideSolutionNode = FALSE
	EndGlobalSection
	GlobalSection(NestedProjects) = preSolution
		{9C4EEAD0-EF3C-4854-B86C-D214D4B834A6} = {2A058AC8-B672-4B43-9A19-CC2D41643A32}
		{DE4A093A-999C-40B4-9C05-29C55551EBB7} = {2A058AC8-B672-4B43-9A19-CC2D41643A32}
		{34D2306E-C335-4D45-9279-74462F694CA4} = {2A058AC8-B672-4B43-9A19-CC2D41643A32}
		{12A09A53-D1B1-48BA-83A5-21FAFFCA93D9} = {2A058AC8-B672-4B43-9A19-CC2D41643A32}
		{77CA9F68-CF62-476A-9EEA-576E51D1CA70} = {2A058AC8-B672-4B43-9A19-CC2D41643A32}
		{7CF6C796-B44C-4889-8760-BD257632E2FB} = {2A058AC8-B672-4B43-9A19-CC2D41643A32}
		{40F7258A-A07C-4953-8EEA-D51AD4A8A8D3} = {3B5247DE-5D17-4C0E-9A6D-603D94C1699B}
		{B0ABFE12-9C16-4B07-9623-9D2DA085E6AD} = {3B5247DE-5D17-4C0E-9A6D-603D94C1699B}
		{B609F3C8-7CFA-4352-93CB-C658C1131559} = {3B5247DE-5D17-4C0E-9A6D-603D94C1699B}
		{82D6F3D6-0D9C-4C47-9077-8145B910D0DB} = {3B5247DE-5D17-4C0E-9A6D-603D94C1699B}
		{CF37D76F-C2D3-44E8-89CD-259410C2FEC7} = {076DA8EF-4782-411F-B34F-6BD8567B73E7}
	EndGlobalSection
	GlobalSection(ExtensibilityGlobals) = postSolution
		SolutionGuid = {FEF2AE04-E1EB-4232-9087-AC2EEDDB3F96}
	EndGlobalSection
EndGlobal
