
Microsoft Visual Studio Solution File, Format Version 12.00
# Visual Studio Version 17
VisualStudioVersion = 17.5.33103.201
MinimumVisualStudioVersion = 10.0.40219.1
Project("{9A19103F-16F7-4668-BE54-9A1E7A4F7556}") = "SingletonPatternQA", "Ch-01\SingletonPatternQA\SingletonPatternQA.csproj", "{9C4EEAD0-EF3C-4854-B86C-D214D4B834A6}"
EndProject
Project("{2150E333-8FDC-42A3-9474-1A3956D46DE8}") = "Ch-01", "Ch-01", "{2A058AC8-B672-4B43-9A19-CC2D41643A32}"
EndProject
Project("{2150E333-8FDC-42A3-9474-1A3956D46DE8}") = "Ch-02", "Ch-02", "{3B5247DE-5D17-4C0E-9A6D-603D94C1699B}"
EndProject
Project("{2150E333-8FDC-42A3-9474-1A3956D46DE8}") = "Ch-03", "Ch-03", "{076DA8EF-4782-411F-B34F-6BD8567B73E7}"
	ProjectSection(SolutionItems) = preProject
		Ch-03\BuilderPatternSecondDemonstration\BuilderPatternSecondDemonstration.csproj = Ch-03\BuilderPatternSecondDemonstration\BuilderPatternSecondDemonstration.csproj
	EndProjectSection
EndProject
Project("{2150E333-8FDC-42A3-9474-1A3956D46DE8}") = "Ch-04", "Ch-04", "{C785DB47-0517-4925-8075-7B45672BD4AE}"
EndProject
Project("{2150E333-8FDC-42A3-9474-1A3956D46DE8}") = "Ch-05", "Ch-05", "{0F25903B-E33A-4FF2-99FA-A4F873DAFEF4}"
EndProject
Project("{2150E333-8FDC-42A3-9474-1A3956D46DE8}") = "Ch-06", "Ch-06", "{803E14E6-A278-4A40-83B6-6E70B1A006AE}"
EndProject
Project("{2150E333-8FDC-42A3-9474-1A3956D46DE8}") = "Ch-07", "Ch-07", "{93CF801A-496F-4A87-A138-887F68EF09BC}"
EndProject
Project("{2150E333-8FDC-42A3-9474-1A3956D46DE8}") = "Ch-08", "Ch-08", "{BF39DDB9-FF4F-41F6-B52A-6841CDC6DC5D}"
EndProject
Project("{2150E333-8FDC-42A3-9474-1A3956D46DE8}") = "Ch-09", "Ch-09", "{E879A63E-5C5A-4CD4-B38F-B776399BC79E}"
EndProject
Project("{2150E333-8FDC-42A3-9474-1A3956D46DE8}") = "Ch-10", "Ch-10", "{1C0E3B79-EA88-433E-8CFA-D26B293E92E3}"
EndProject
Project("{2150E333-8FDC-42A3-9474-1A3956D46DE8}") = "Ch-11", "Ch-11", "{8A97DD7D-83AD-4BCC-93C6-3B2F4C159A3B}"
EndProject
Project("{2150E333-8FDC-42A3-9474-1A3956D46DE8}") = "Ch-12", "Ch-12", "{C303E9A5-DD56-43EA-B3B9-405E9C014CD9}"
EndProject
Project("{2150E333-8FDC-42A3-9474-1A3956D46DE8}") = "Ch-13", "Ch-13", "{9C25B1E1-0546-45BB-A150-01D49BC01F29}"
EndProject
Project("{2150E333-8FDC-42A3-9474-1A3956D46DE8}") = "Ch-14", "Ch-14", "{68AB2C5E-0729-45D0-A5BF-242DB2782E35}"
EndProject
Project("{2150E333-8FDC-42A3-9474-1A3956D46DE8}") = "Ch-15", "Ch-15", "{13D07071-E7D3-4581-98E7-C9FBA22DC857}"
EndProject
Project("{2150E333-8FDC-42A3-9474-1A3956D46DE8}") = "Ch-16", "Ch-16", "{4FC92B2E-D01A-46B1-949E-F53038734DD3}"
EndProject
Project("{2150E333-8FDC-42A3-9474-1A3956D46DE8}") = "Ch-17", "Ch-17", "{E4531D61-F5D3-463D-B0C7-2C3C65AAB62F}"
EndProject
Project("{2150E333-8FDC-42A3-9474-1A3956D46DE8}") = "Ch-18", "Ch-18", "{33977192-F527-4787-952B-C6FA63AE80BC}"
EndProject
Project("{2150E333-8FDC-42A3-9474-1A3956D46DE8}") = "Ch-19", "Ch-19", "{86C0E93E-B743-46A9-B40E-CE839CFCF46C}"
EndProject
Project("{2150E333-8FDC-42A3-9474-1A3956D46DE8}") = "Ch-20", "Ch-20", "{9825396A-16C6-489E-98B7-83FB408EC8A8}"
EndProject
Project("{2150E333-8FDC-42A3-9474-1A3956D46DE8}") = "Ch-21", "Ch-21", "{4D3A30DE-159B-4119-B96D-98C1A916424D}"
EndProject
Project("{2150E333-8FDC-42A3-9474-1A3956D46DE8}") = "Ch-22", "Ch-22", "{3F982ACF-4DBE-46FC-A393-7695E4BF0337}"
EndProject
Project("{2150E333-8FDC-42A3-9474-1A3956D46DE8}") = "Ch-23", "Ch-23", "{70904A52-6359-41CD-BD2E-5A02441CDFE5}"
EndProject
Project("{2150E333-8FDC-42A3-9474-1A3956D46DE8}") = "Ch-24", "Ch-24", "{15014C16-E4B0-43FC-9B49-ED2C17681D77}"
EndProject
Project("{2150E333-8FDC-42A3-9474-1A3956D46DE8}") = "Ch-25", "Ch-25", "{27E66E1B-53B9-45A0-AB61-35604506A6C7}"
EndProject
Project("{2150E333-8FDC-42A3-9474-1A3956D46DE8}") = "Ch-26", "Ch-26", "{A785F998-0853-48C7-9843-FF3A32C6C508}"
EndProject
Project("{2150E333-8FDC-42A3-9474-1A3956D46DE8}") = "Ch-27", "Ch-27", "{06464CFF-F45D-4962-B05A-4A07150977C8}"
EndProject
Project("{9A19103F-16F7-4668-BE54-9A1E7A4F7556}") = "SingletonPatternUsingStaticConstructor", "Ch-01\SingletonPatternUsingStaticConstructor\SingletonPatternUsingStaticConstructor.csproj", "{DE4A093A-999C-40B4-9C05-29C55551EBB7}"
EndProject
Project("{9A19103F-16F7-4668-BE54-9A1E7A4F7556}") = "SingletonPatternUsingStaticInitialization", "Ch-01\SingletonPatternUsingStaticInitialization\SingletonPatternUsingStaticInitialization.csproj", "{34D2306E-C335-4D45-9279-74462F694CA4}"
EndProject
Project("{9A19103F-16F7-4668-BE54-9A1E7A4F7556}") = "UsingDoubleCheckedLocking", "Ch-01\UsingDoubleCheckedLocking\UsingDoubleCheckedLocking.csproj", "{12A09A53-D1B1-48BA-83A5-21FAFFCA93D9}"
EndProject
Project("{9A19103F-16F7-4668-BE54-9A1E7A4F7556}") = "UsingGenericLazyClassFromDotNet4", "Ch-01\UsingGenericLazyClassFromDotNet4\UsingGenericLazyClassFromDotNet4.csproj", "{77CA9F68-CF62-476A-9EEA-576E51D1CA70}"
EndProject
Project("{9A19103F-16F7-4668-BE54-9A1E7A4F7556}") = "UsingSingleLockForSingletonPattern", "Ch-01\UsingSingleLockForSingletonPattern\UsingSingleLockForSingletonPattern.csproj", "{7CF6C796-B44C-4889-8760-BD257632E2FB}"
EndProject
Project("{9A19103F-16F7-4668-BE54-9A1E7A4F7556}") = "PrototypePattern", "Ch-02\PrototypePattern\PrototypePattern.csproj", "{40F7258A-A07C-4953-8EEA-D51AD4A8A8D3}"
EndProject
Project("{9A19103F-16F7-4668-BE54-9A1E7A4F7556}") = "PrototypePatternDemo2", "Ch-02\PrototypePatternDemo2\PrototypePatternDemo2.csproj", "{B0ABFE12-9C16-4B07-9623-9D2DA085E6AD}"
EndProject
Project("{9A19103F-16F7-4668-BE54-9A1E7A4F7556}") = "ShallowVsDeepCopy", "Ch-02\ShallowVsDeepCopy\ShallowVsDeepCopy.csproj", "{B609F3C8-7CFA-4352-93CB-C658C1131559}"
EndProject
Project("{9A19103F-16F7-4668-BE54-9A1E7A4F7556}") = "UserdefinedCopyConstructorDemo", "Ch-02\UserdefinedCopyConstructorDemo\UserdefinedCopyConstructorDemo.csproj", "{82D6F3D6-0D9C-4C47-9077-8145B910D0DB}"
EndProject
Project("{9A19103F-16F7-4668-BE54-9A1E7A4F7556}") = "BuilderPatternSimpleExample", "Ch-03\BuilderPatternSimpleExample\BuilderPatternSimpleExample.csproj", "{CF37D76F-C2D3-44E8-89CD-259410C2FEC7}"
EndProject
Project("{9A19103F-16F7-4668-BE54-9A1E7A4F7556}") = "FactoryMethodPattern", "Ch-04\FactoryMethodPattern\FactoryMethodPattern.csproj", "{757E19F3-2C58-4F89-8419-65A6B7C2342B}"
EndProject
Project("{9A19103F-16F7-4668-BE54-9A1E7A4F7556}") = "FactoryMethodPatternModifiedExample", "Ch-04\FactoryMethodPatternModifiedExample\FactoryMethodPatternModifiedExample.csproj", "{59B3B22A-9F6C-4861-9C6F-F4837A7AC817}"
EndProject
Project("{9A19103F-16F7-4668-BE54-9A1E7A4F7556}") = "FactoryMethodPatternWithMethodParameters", "Ch-04\FactoryMethodPatternWithMethodParameters\FactoryMethodPatternWithMethodParameters.csproj", "{F249827E-A316-420D-8110-EDE7E9CC0EBF}"
EndProject
Project("{9A19103F-16F7-4668-BE54-9A1E7A4F7556}") = "AbstractFactoryPattern", "Ch-05\AbstractFactoryPattern\AbstractFactoryPattern.csproj", "{3D8A5FC5-86AE-480E-8E16-44973088A64B}"
EndProject
Project("{9A19103F-16F7-4668-BE54-9A1E7A4F7556}") = "ProxyPatternDemo", "Ch-06\ProxyPatternDemo\ProxyPatternDemo.csproj", "{945E5075-942A-45DA-B6E7-B353F5D861E9}"
EndProject
Project("{9A19103F-16F7-4668-BE54-9A1E7A4F7556}") = "ProxyPatternDemo2", "Ch-06\ProxyPatternDemo2\ProxyPatternDemo2.csproj", "{B52FDD80-3107-49D0-9DFF-51D4259525DE}"
EndProject
Project("{9A19103F-16F7-4668-BE54-9A1E7A4F7556}") = "DecoratorPatternDemo", "Ch-07\DecoratorPatternDemo\DecoratorPatternDemo.csproj", "{A7E2B06F-6DD3-461D-816A-36A503A32FFD}"
EndProject
Project("{9A19103F-16F7-4668-BE54-9A1E7A4F7556}") = "AdapterPatternAlternativeImplementationDemo", "Ch-08\AdapterPatternAlternativeImplementationDemo\AdapterPatternAlternativeImplementationDemo.csproj", "{F8B8B6B2-8B93-43B7-91D6-E5220225087F}"
EndProject
Project("{9A19103F-16F7-4668-BE54-9A1E7A4F7556}") = "AdapterPatternDemonstration", "Ch-08\AdapterPatternDemonstration\AdapterPatternDemonstration.csproj", "{83F6761A-9DB7-4D83-B7FD-5E03A8B540FC}"
EndProject
Project("{9A19103F-16F7-4668-BE54-9A1E7A4F7556}") = "FacadePattern", "Ch-09\FacadePattern\FacadePattern.csproj", "{6991D6C8-7FB5-42BF-B01C-E11B40EE8324}"
EndProject
Project("{9A19103F-16F7-4668-BE54-9A1E7A4F7556}") = "FlyweightFactoryAsSingleton", "Ch-10\FlyweightFactoryAsSingleton\FlyweightFactoryAsSingleton.csproj", "{B43BF575-9D6C-4E8E-BEF5-5E3F50B21828}"
EndProject
Project("{9A19103F-16F7-4668-BE54-9A1E7A4F7556}") = "FlyweightPattern", "Ch-10\FlyweightPattern\FlyweightPattern.csproj", "{AFD6C0AD-F99E-40C6-94B5-C8452F492DF5}"
EndProject
Project("{9A19103F-16F7-4668-BE54-9A1E7A4F7556}") = "CompositePattern", "Ch-11\CompositePattern\CompositePattern.csproj", "{A64AC3E5-A5F1-4EE5-876E-424B9241E2EB}"
EndProject
Project("{9A19103F-16F7-4668-BE54-9A1E7A4F7556}") = "BridgePattern", "Ch-12\BridgePattern\BridgePattern.csproj", "{3C4FA1A3-4CD8-4398-AFF0-7E0470A473EB}"
EndProject
Project("{9A19103F-16F7-4668-BE54-9A1E7A4F7556}") = "BridgePatternDemo2", "Ch-12\BridgePatternDemo2\BridgePatternDemo2.csproj", "{167323A4-DB8E-4ACE-B324-CD365614EDB6}"
EndProject
Project("{9A19103F-16F7-4668-BE54-9A1E7A4F7556}") = "VisiotorPattern", "Ch-13\VisiotorPattern\VisiotorPattern.csproj", "{88429F4F-606C-4F61-B12B-CABCD33E8BCB}"
EndProject
Project("{9A19103F-16F7-4668-BE54-9A1E7A4F7556}") = "VisitorPatternDemo2", "Ch-13\VisitorPatternDemo2\VisitorPatternDemo2.csproj", "{256DADEF-900E-4779-8043-8DA79E226501}"
EndProject
Project("{9A19103F-16F7-4668-BE54-9A1E7A4F7556}") = "VisitorWithCompositePattern", "Ch-13\VisitorWithCompositePattern\VisitorWithCompositePattern.csproj", "{51E811D2-83D2-40BD-A0E1-83ABB5F754C7}"
EndProject
Project("{9A19103F-16F7-4668-BE54-9A1E7A4F7556}") = "ObserverPattern", "Ch-14\ObserverPattern\ObserverPattern.csproj", "{93B55AEB-EAE8-462B-B48F-65045D74CDC1}"
EndProject
Project("{9A19103F-16F7-4668-BE54-9A1E7A4F7556}") = "StrategyPattern", "Ch-15\StrategyPattern\StrategyPattern.csproj", "{4CFAE5DA-A955-4A11-B0DC-D4B94D355733}"
EndProject
Project("{9A19103F-16F7-4668-BE54-9A1E7A4F7556}") = "TemplateMethodPattern", "Ch-16\TemplateMethodPattern\TemplateMethodPattern.csproj", "{47C83EB9-683B-40F3-88C8-EE36DD77A109}"
EndProject
Project("{9A19103F-16F7-4668-BE54-9A1E7A4F7556}") = "TemplateMethodPatternDemo2", "Ch-16\TemplateMethodPatternDemo2\TemplateMethodPatternDemo2.csproj", "{E3376915-F15D-425D-B3E4-E2B5F6783503}"
EndProject
Project("{9A19103F-16F7-4668-BE54-9A1E7A4F7556}") = "CommandPattern", "Ch-17\CommandPattern\CommandPattern.csproj", "{A1DBE54A-E63D-4427-8777-7F78638C8F3E}"
EndProject
Project("{9A19103F-16F7-4668-BE54-9A1E7A4F7556}") = "CommandPatternDemonstration2", "Ch-17\CommandPatternDemonstration2\CommandPatternDemonstration2.csproj", "{8A9F87EB-4A37-4CB5-9CA4-314CEC6F2BA3}"
EndProject
Project("{9A19103F-16F7-4668-BE54-9A1E7A4F7556}") = "IteratorPattern", "Ch-18\IteratorPattern\IteratorPattern.csproj", "{BB7389AF-25AD-4BB0-BD08-B70EC2A795C1}"
EndProject
Project("{9A19103F-16F7-4668-BE54-9A1E7A4F7556}") = "SimpleIterator", "Ch-18\SimpleIterator\SimpleIterator.csproj", "{B3628BA7-F2AF-4D06-98DD-CE931DACE608}"
EndProject
Project("{9A19103F-16F7-4668-BE54-9A1E7A4F7556}") = "MementoPattern", "Ch-19\MementoPattern\MementoPattern.csproj", "{04AA8193-A51B-42FF-AEAE-0B720D2E867C}"
EndProject
Project("{9A19103F-16F7-4668-BE54-9A1E7A4F7556}") = "MementoPatternDemo2", "Ch-19\MementoPatternDemo2\MementoPatternDemo2.csproj", "{7A602ACF-AA81-473A-BA26-3A8610B7D1CC}"
EndProject
Project("{9A19103F-16F7-4668-BE54-9A1E7A4F7556}") = "StatePattern", "Ch-20\StatePattern\StatePattern.csproj", "{D0CC1A7F-2558-4BA6-BF0A-67F80A3D17F0}"
EndProject
Project("{9A19103F-16F7-4668-BE54-9A1E7A4F7556}") = "MediatorPatternModifiedDemo", "Ch-21\MediatorPatternModifiedDemo\MediatorPatternModifiedDemo.csproj", "{FEECE02A-7C8F-497D-B913-BC34AFF6CC99}"
EndProject
Project("{9A19103F-16F7-4668-BE54-9A1E7A4F7556}") = "MediatorPatttern", "Ch-21\MediatorPatttern\MediatorPatttern.csproj", "{2EDAEA10-E789-4B1D-8CB0-046C25D80130}"
EndProject
Project("{9A19103F-16F7-4668-BE54-9A1E7A4F7556}") = "ChainOfResponsibilityPattern", "Ch-22\ChainOfResponsibilityPattern\ChainOfResponsibilityPattern.csproj", "{102CC797-1179-4B07-80C6-3BC5C86E4A0C}"
EndProject
Project("{9A19103F-16F7-4668-BE54-9A1E7A4F7556}") = "InterpreterPattern", "Ch-23\InterpreterPattern\InterpreterPattern.csproj", "{357E3C91-ED10-4DF5-9AC7-FDA1D7C499B4}"
EndProject
Project("{9A19103F-16F7-4668-BE54-9A1E7A4F7556}") = "InterpreterPatternDemo2", "Ch-23\InterpreterPatternDemo2\InterpreterPatternDemo2.csproj", "{EF5F330C-9886-406A-AACA-C8E37CE9DE99}"
EndProject
Project("{9A19103F-16F7-4668-BE54-9A1E7A4F7556}") = "SimpleFactory", "Ch-24\SimpleFactory\SimpleFactory.csproj", "{A5F52FF8-BF80-438D-BEC8-282B57EB28C2}"
EndProject
Project("{9A19103F-16F7-4668-BE54-9A1E7A4F7556}") = "ProgramWithOnePotentialBug", "Ch-25\ProgramWithOnePotentialBug\ProgramWithOnePotentialBug.csproj", "{4D65AF49-ECFC-486B-A724-16474DB5349C}"
EndProject
Project("{9A19103F-16F7-4668-BE54-9A1E7A4F7556}") = "MVCPattern", "Ch-26\MVCPattern\MVCPattern.csproj", "{D45D73A3-5147-44E9-A427-36C9074A609C}"
EndProject
Project("{9A19103F-16F7-4668-BE54-9A1E7A4F7556}") = "AsyncAwaitAlternateDemonstration", "Ch-27\AsyncAwaitAlternateDemonstration\AsyncAwaitAlternateDemonstration.csproj", "{D64A1F21-07D3-4067-855F-1C4092E0FC53}"
EndProject
Project("{9A19103F-16F7-4668-BE54-9A1E7A4F7556}") = "DifferentWaysToCreateTask", "Ch-27\DifferentWaysToCreateTask\DifferentWaysToCreateTask.csproj", "{0DF32CAD-87F0-4A9C-ABAC-03F8E81C8608}"
EndProject
Project("{FAE04EC0-301F-11D3-BF4B-00C04F79EFBC}") = "PollingDemoInDotNetFramework", "Ch-27\PollingDemoInDotNetFramework\PollingDemoInDotNetFramework.csproj", "{60DECAE0-2E3F-4D2D-AC30-AB5382724002}"
EndProject
Project("{9A19103F-16F7-4668-BE54-9A1E7A4F7556}") = "SynchronousProgrammingExample", "Ch-27\SynchronousProgrammingExample\SynchronousProgrammingExample.csproj", "{C0E9DE85-B318-46C3-BDF3-508DC08F9183}"
EndProject
Project("{9A19103F-16F7-4668-BE54-9A1E7A4F7556}") = "TAPDemonstration2", "Ch-27\TAPDemonstration2\TAPDemonstration2.csproj", "{CD5632E1-3387-4D43-B773-98EB90764DF3}"
EndProject
Project("{9A19103F-16F7-4668-BE54-9A1E7A4F7556}") = "UsingAsyncAwait", "Ch-27\UsingAsyncAwait\UsingAsyncAwait.csproj", "{888FEDAD-80D0-43CF-8A70-C4D1B77EBC77}"
EndProject
Project("{FAE04EC0-301F-11D3-BF4B-00C04F79EFBC}") = "UsingAsynchronousCallback", "Ch-27\UsingAsynchronousCallback\UsingAsynchronousCallback.csproj", "{90B6A713-E8F2-42AD-88CA-8EC63647B00E}"
EndProject
Project("{9A19103F-16F7-4668-BE54-9A1E7A4F7556}") = "UsingTAP", "Ch-27\UsingTAP\UsingTAP.csproj", "{F91175FD-2ED8-4CFD-84FF-6F93AFC234E3}"
EndProject
Project("{9A19103F-16F7-4668-BE54-9A1E7A4F7556}") = "UsingThreadClass", "Ch-27\UsingThreadClass\UsingThreadClass.csproj", "{0BD749D3-C784-4AD7-9947-A17AA05F5088}"
EndProject
Project("{9A19103F-16F7-4668-BE54-9A1E7A4F7556}") = "UsingThreadPool", "Ch-27\UsingThreadPool\UsingThreadPool.csproj", "{6643571E-7B6D-47AE-A63E-FE7FD49E6046}"
EndProject
Project("{9A19103F-16F7-4668-BE54-9A1E7A4F7556}") = "UsingThreadPoolWithLambdaExpression", "Ch-27\UsingThreadPoolWithLambdaExpression\UsingThreadPoolWithLambdaExpression.csproj", "{1BF1CBBF-F143-463D-B860-DCC60DF03597}"
EndProject
Project("{FAE04EC0-301F-11D3-BF4B-00C04F79EFBC}") = "UsingWaitHandleInDotNetFramework", "Ch-27\UsingWaitHandleInDotNetFramework\UsingWaitHandleInDotNetFramework.csproj", "{76569A25-A416-4EA9-92AB-B06ABB545CE4}"
EndProject
Project("{FAE04EC0-301F-11D3-BF4B-00C04F79EFBC}") = "UsingWebClentWithWinForm", "Ch-27\UsingWebClentWithWinForm\UsingWebClentWithWinForm.csproj", "{78842E73-BDF6-40B0-8587-37883A98B004}"
EndProject
Project("{9A19103F-16F7-4668-BE54-9A1E7A4F7556}") = "UsingWebClient", "Ch-27\UsingWebClient\UsingWebClient.csproj", "{8737F6C7-05E1-449F-A1C1-66ED31473B3F}"
EndProject
Global
	GlobalSection(SolutionConfigurationPlatforms) = preSolution
		Debug|Any CPU = Debug|Any CPU
		Release|Any CPU = Release|Any CPU
	EndGlobalSection
	GlobalSection(ProjectConfigurationPlatforms) = postSolution
		{9C4EEAD0-EF3C-4854-B86C-D214D4B834A6}.Debug|Any CPU.ActiveCfg = Debug|Any CPU
		{9C4EEAD0-EF3C-4854-B86C-D214D4B834A6}.Debug|Any CPU.Build.0 = Debug|Any CPU
		{9C4EEAD0-EF3C-4854-B86C-D214D4B834A6}.Release|Any CPU.ActiveCfg = Release|Any CPU
		{9C4EEAD0-EF3C-4854-B86C-D214D4B834A6}.Release|Any CPU.Build.0 = Release|Any CPU
		{DE4A093A-999C-40B4-9C05-29C55551EBB7}.Debug|Any CPU.ActiveCfg = Debug|Any CPU
		{DE4A093A-999C-40B4-9C05-29C55551EBB7}.Debug|Any CPU.Build.0 = Debug|Any CPU
		{DE4A093A-999C-40B4-9C05-29C55551EBB7}.Release|Any CPU.ActiveCfg = Release|Any CPU
		{DE4A093A-999C-40B4-9C05-29C55551EBB7}.Release|Any CPU.Build.0 = Release|Any CPU
		{34D2306E-C335-4D45-9279-74462F694CA4}.Debug|Any CPU.ActiveCfg = Debug|Any CPU
		{34D2306E-C335-4D45-9279-74462F694CA4}.Debug|Any CPU.Build.0 = Debug|Any CPU
		{34D2306E-C335-4D45-9279-74462F694CA4}.Release|Any CPU.ActiveCfg = Release|Any CPU
		{34D2306E-C335-4D45-9279-74462F694CA4}.Release|Any CPU.Build.0 = Release|Any CPU
		{12A09A53-D1B1-48BA-83A5-21FAFFCA93D9}.Debug|Any CPU.ActiveCfg = Debug|Any CPU
		{12A09A53-D1B1-48BA-83A5-21FAFFCA93D9}.Debug|Any CPU.Build.0 = Debug|Any CPU
		{12A09A53-D1B1-48BA-83A5-21FAFFCA93D9}.Release|Any CPU.ActiveCfg = Release|Any CPU
		{12A09A53-D1B1-48BA-83A5-21FAFFCA93D9}.Release|Any CPU.Build.0 = Release|Any CPU
		{77CA9F68-CF62-476A-9EEA-576E51D1CA70}.Debug|Any CPU.ActiveCfg = Debug|Any CPU
		{77CA9F68-CF62-476A-9EEA-576E51D1CA70}.Debug|Any CPU.Build.0 = Debug|Any CPU
		{77CA9F68-CF62-476A-9EEA-576E51D1CA70}.Release|Any CPU.ActiveCfg = Release|Any CPU
		{77CA9F68-CF62-476A-9EEA-576E51D1CA70}.Release|Any CPU.Build.0 = Release|Any CPU
		{7CF6C796-B44C-4889-8760-BD257632E2FB}.Debug|Any CPU.ActiveCfg = Debug|Any CPU
		{7CF6C796-B44C-4889-8760-BD257632E2FB}.Debug|Any CPU.Build.0 = Debug|Any CPU
		{7CF6C796-B44C-4889-8760-BD257632E2FB}.Release|Any CPU.ActiveCfg = Release|Any CPU
		{7CF6C796-B44C-4889-8760-BD257632E2FB}.Release|Any CPU.Build.0 = Release|Any CPU
		{40F7258A-A07C-4953-8EEA-D51AD4A8A8D3}.Debug|Any CPU.ActiveCfg = Debug|Any CPU
		{40F7258A-A07C-4953-8EEA-D51AD4A8A8D3}.Debug|Any CPU.Build.0 = Debug|Any CPU
		{40F7258A-A07C-4953-8EEA-D51AD4A8A8D3}.Release|Any CPU.ActiveCfg = Release|Any CPU
		{40F7258A-A07C-4953-8EEA-D51AD4A8A8D3}.Release|Any CPU.Build.0 = Release|Any CPU
		{B0ABFE12-9C16-4B07-9623-9D2DA085E6AD}.Debug|Any CPU.ActiveCfg = Debug|Any CPU
		{B0ABFE12-9C16-4B07-9623-9D2DA085E6AD}.Debug|Any CPU.Build.0 = Debug|Any CPU
		{B0ABFE12-9C16-4B07-9623-9D2DA085E6AD}.Release|Any CPU.ActiveCfg = Release|Any CPU
		{B0ABFE12-9C16-4B07-9623-9D2DA085E6AD}.Release|Any CPU.Build.0 = Release|Any CPU
		{B609F3C8-7CFA-4352-93CB-C658C1131559}.Debug|Any CPU.ActiveCfg = Debug|Any CPU
		{B609F3C8-7CFA-4352-93CB-C658C1131559}.Debug|Any CPU.Build.0 = Debug|Any CPU
		{B609F3C8-7CFA-4352-93CB-C658C1131559}.Release|Any CPU.ActiveCfg = Release|Any CPU
		{B609F3C8-7CFA-4352-93CB-C658C1131559}.Release|Any CPU.Build.0 = Release|Any CPU
		{82D6F3D6-0D9C-4C47-9077-8145B910D0DB}.Debug|Any CPU.ActiveCfg = Debug|Any CPU
		{82D6F3D6-0D9C-4C47-9077-8145B910D0DB}.Debug|Any CPU.Build.0 = Debug|Any CPU
		{82D6F3D6-0D9C-4C47-9077-8145B910D0DB}.Release|Any CPU.ActiveCfg = Release|Any CPU
		{82D6F3D6-0D9C-4C47-9077-8145B910D0DB}.Release|Any CPU.Build.0 = Release|Any CPU
		{CF37D76F-C2D3-44E8-89CD-259410C2FEC7}.Debug|Any CPU.ActiveCfg = Debug|Any CPU
		{CF37D76F-C2D3-44E8-89CD-259410C2FEC7}.Debug|Any CPU.Build.0 = Debug|Any CPU
		{CF37D76F-C2D3-44E8-89CD-259410C2FEC7}.Release|Any CPU.ActiveCfg = Release|Any CPU
		{CF37D76F-C2D3-44E8-89CD-259410C2FEC7}.Release|Any CPU.Build.0 = Release|Any CPU
		{757E19F3-2C58-4F89-8419-65A6B7C2342B}.Debug|Any CPU.ActiveCfg = Debug|Any CPU
		{757E19F3-2C58-4F89-8419-65A6B7C2342B}.Debug|Any CPU.Build.0 = Debug|Any CPU
		{757E19F3-2C58-4F89-8419-65A6B7C2342B}.Release|Any CPU.ActiveCfg = Release|Any CPU
		{757E19F3-2C58-4F89-8419-65A6B7C2342B}.Release|Any CPU.Build.0 = Release|Any CPU
		{59B3B22A-9F6C-4861-9C6F-F4837A7AC817}.Debug|Any CPU.ActiveCfg = Debug|Any CPU
		{59B3B22A-9F6C-4861-9C6F-F4837A7AC817}.Debug|Any CPU.Build.0 = Debug|Any CPU
		{59B3B22A-9F6C-4861-9C6F-F4837A7AC817}.Release|Any CPU.ActiveCfg = Release|Any CPU
		{59B3B22A-9F6C-4861-9C6F-F4837A7AC817}.Release|Any CPU.Build.0 = Release|Any CPU
		{F249827E-A316-420D-8110-EDE7E9CC0EBF}.Debug|Any CPU.ActiveCfg = Debug|Any CPU
		{F249827E-A316-420D-8110-EDE7E9CC0EBF}.Debug|Any CPU.Build.0 = Debug|Any CPU
		{F249827E-A316-420D-8110-EDE7E9CC0EBF}.Release|Any CPU.ActiveCfg = Release|Any CPU
		{F249827E-A316-420D-8110-EDE7E9CC0EBF}.Release|Any CPU.Build.0 = Release|Any CPU
		{3D8A5FC5-86AE-480E-8E16-44973088A64B}.Debug|Any CPU.ActiveCfg = Debug|Any CPU
		{3D8A5FC5-86AE-480E-8E16-44973088A64B}.Debug|Any CPU.Build.0 = Debug|Any CPU
		{3D8A5FC5-86AE-480E-8E16-44973088A64B}.Release|Any CPU.ActiveCfg = Release|Any CPU
		{3D8A5FC5-86AE-480E-8E16-44973088A64B}.Release|Any CPU.Build.0 = Release|Any CPU
		{945E5075-942A-45DA-B6E7-B353F5D861E9}.Debug|Any CPU.ActiveCfg = Debug|Any CPU
		{945E5075-942A-45DA-B6E7-B353F5D861E9}.Debug|Any CPU.Build.0 = Debug|Any CPU
		{945E5075-942A-45DA-B6E7-B353F5D861E9}.Release|Any CPU.ActiveCfg = Release|Any CPU
		{945E5075-942A-45DA-B6E7-B353F5D861E9}.Release|Any CPU.Build.0 = Release|Any CPU
		{B52FDD80-3107-49D0-9DFF-51D4259525DE}.Debug|Any CPU.ActiveCfg = Debug|Any CPU
		{B52FDD80-3107-49D0-9DFF-51D4259525DE}.Debug|Any CPU.Build.0 = Debug|Any CPU
		{B52FDD80-3107-49D0-9DFF-51D4259525DE}.Release|Any CPU.ActiveCfg = Release|Any CPU
		{B52FDD80-3107-49D0-9DFF-51D4259525DE}.Release|Any CPU.Build.0 = Release|Any CPU
		{A7E2B06F-6DD3-461D-816A-36A503A32FFD}.Debug|Any CPU.ActiveCfg = Debug|Any CPU
		{A7E2B06F-6DD3-461D-816A-36A503A32FFD}.Debug|Any CPU.Build.0 = Debug|Any CPU
		{A7E2B06F-6DD3-461D-816A-36A503A32FFD}.Release|Any CPU.ActiveCfg = Release|Any CPU
		{A7E2B06F-6DD3-461D-816A-36A503A32FFD}.Release|Any CPU.Build.0 = Release|Any CPU
		{F8B8B6B2-8B93-43B7-91D6-E5220225087F}.Debug|Any CPU.ActiveCfg = Debug|Any CPU
		{F8B8B6B2-8B93-43B7-91D6-E5220225087F}.Debug|Any CPU.Build.0 = Debug|Any CPU
		{F8B8B6B2-8B93-43B7-91D6-E5220225087F}.Release|Any CPU.ActiveCfg = Release|Any CPU
		{F8B8B6B2-8B93-43B7-91D6-E5220225087F}.Release|Any CPU.Build.0 = Release|Any CPU
		{83F6761A-9DB7-4D83-B7FD-5E03A8B540FC}.Debug|Any CPU.ActiveCfg = Debug|Any CPU
		{83F6761A-9DB7-4D83-B7FD-5E03A8B540FC}.Debug|Any CPU.Build.0 = Debug|Any CPU
		{83F6761A-9DB7-4D83-B7FD-5E03A8B540FC}.Release|Any CPU.ActiveCfg = Release|Any CPU
		{83F6761A-9DB7-4D83-B7FD-5E03A8B540FC}.Release|Any CPU.Build.0 = Release|Any CPU
		{6991D6C8-7FB5-42BF-B01C-E11B40EE8324}.Debug|Any CPU.ActiveCfg = Debug|Any CPU
		{6991D6C8-7FB5-42BF-B01C-E11B40EE8324}.Debug|Any CPU.Build.0 = Debug|Any CPU
		{6991D6C8-7FB5-42BF-B01C-E11B40EE8324}.Release|Any CPU.ActiveCfg = Release|Any CPU
		{6991D6C8-7FB5-42BF-B01C-E11B40EE8324}.Release|Any CPU.Build.0 = Release|Any CPU
		{B43BF575-9D6C-4E8E-BEF5-5E3F50B21828}.Debug|Any CPU.ActiveCfg = Debug|Any CPU
		{B43BF575-9D6C-4E8E-BEF5-5E3F50B21828}.Debug|Any CPU.Build.0 = Debug|Any CPU
		{B43BF575-9D6C-4E8E-BEF5-5E3F50B21828}.Release|Any CPU.ActiveCfg = Release|Any CPU
		{B43BF575-9D6C-4E8E-BEF5-5E3F50B21828}.Release|Any CPU.Build.0 = Release|Any CPU
		{AFD6C0AD-F99E-40C6-94B5-C8452F492DF5}.Debug|Any CPU.ActiveCfg = Debug|Any CPU
		{AFD6C0AD-F99E-40C6-94B5-C8452F492DF5}.Debug|Any CPU.Build.0 = Debug|Any CPU
		{AFD6C0AD-F99E-40C6-94B5-C8452F492DF5}.Release|Any CPU.ActiveCfg = Release|Any CPU
		{AFD6C0AD-F99E-40C6-94B5-C8452F492DF5}.Release|Any CPU.Build.0 = Release|Any CPU
		{A64AC3E5-A5F1-4EE5-876E-424B9241E2EB}.Debug|Any CPU.ActiveCfg = Debug|Any CPU
		{A64AC3E5-A5F1-4EE5-876E-424B9241E2EB}.Debug|Any CPU.Build.0 = Debug|Any CPU
		{A64AC3E5-A5F1-4EE5-876E-424B9241E2EB}.Release|Any CPU.ActiveCfg = Release|Any CPU
		{A64AC3E5-A5F1-4EE5-876E-424B9241E2EB}.Release|Any CPU.Build.0 = Release|Any CPU
		{3C4FA1A3-4CD8-4398-AFF0-7E0470A473EB}.Debug|Any CPU.ActiveCfg = Debug|Any CPU
		{3C4FA1A3-4CD8-4398-AFF0-7E0470A473EB}.Debug|Any CPU.Build.0 = Debug|Any CPU
		{3C4FA1A3-4CD8-4398-AFF0-7E0470A473EB}.Release|Any CPU.ActiveCfg = Release|Any CPU
		{3C4FA1A3-4CD8-4398-AFF0-7E0470A473EB}.Release|Any CPU.Build.0 = Release|Any CPU
		{167323A4-DB8E-4ACE-B324-CD365614EDB6}.Debug|Any CPU.ActiveCfg = Debug|Any CPU
		{167323A4-DB8E-4ACE-B324-CD365614EDB6}.Debug|Any CPU.Build.0 = Debug|Any CPU
		{167323A4-DB8E-4ACE-B324-CD365614EDB6}.Release|Any CPU.ActiveCfg = Release|Any CPU
		{167323A4-DB8E-4ACE-B324-CD365614EDB6}.Release|Any CPU.Build.0 = Release|Any CPU
		{88429F4F-606C-4F61-B12B-CABCD33E8BCB}.Debug|Any CPU.ActiveCfg = Debug|Any CPU
		{88429F4F-606C-4F61-B12B-CABCD33E8BCB}.Debug|Any CPU.Build.0 = Debug|Any CPU
		{88429F4F-606C-4F61-B12B-CABCD33E8BCB}.Release|Any CPU.ActiveCfg = Release|Any CPU
		{88429F4F-606C-4F61-B12B-CABCD33E8BCB}.Release|Any CPU.Build.0 = Release|Any CPU
		{256DADEF-900E-4779-8043-8DA79E226501}.Debug|Any CPU.ActiveCfg = Debug|Any CPU
		{256DADEF-900E-4779-8043-8DA79E226501}.Debug|Any CPU.Build.0 = Debug|Any CPU
		{256DADEF-900E-4779-8043-8DA79E226501}.Release|Any CPU.ActiveCfg = Release|Any CPU
		{256DADEF-900E-4779-8043-8DA79E226501}.Release|Any CPU.Build.0 = Release|Any CPU
		{51E811D2-83D2-40BD-A0E1-83ABB5F754C7}.Debug|Any CPU.ActiveCfg = Debug|Any CPU
		{51E811D2-83D2-40BD-A0E1-83ABB5F754C7}.Debug|Any CPU.Build.0 = Debug|Any CPU
		{51E811D2-83D2-40BD-A0E1-83ABB5F754C7}.Release|Any CPU.ActiveCfg = Release|Any CPU
		{51E811D2-83D2-40BD-A0E1-83ABB5F754C7}.Release|Any CPU.Build.0 = Release|Any CPU
		{93B55AEB-EAE8-462B-B48F-65045D74CDC1}.Debug|Any CPU.ActiveCfg = Debug|Any CPU
		{93B55AEB-EAE8-462B-B48F-65045D74CDC1}.Debug|Any CPU.Build.0 = Debug|Any CPU
		{93B55AEB-EAE8-462B-B48F-65045D74CDC1}.Release|Any CPU.ActiveCfg = Release|Any CPU
		{93B55AEB-EAE8-462B-B48F-65045D74CDC1}.Release|Any CPU.Build.0 = Release|Any CPU
		{4CFAE5DA-A955-4A11-B0DC-D4B94D355733}.Debug|Any CPU.ActiveCfg = Debug|Any CPU
		{4CFAE5DA-A955-4A11-B0DC-D4B94D355733}.Debug|Any CPU.Build.0 = Debug|Any CPU
		{4CFAE5DA-A955-4A11-B0DC-D4B94D355733}.Release|Any CPU.ActiveCfg = Release|Any CPU
		{4CFAE5DA-A955-4A11-B0DC-D4B94D355733}.Release|Any CPU.Build.0 = Release|Any CPU
		{47C83EB9-683B-40F3-88C8-EE36DD77A109}.Debug|Any CPU.ActiveCfg = Debug|Any CPU
		{47C83EB9-683B-40F3-88C8-EE36DD77A109}.Debug|Any CPU.Build.0 = Debug|Any CPU
		{47C83EB9-683B-40F3-88C8-EE36DD77A109}.Release|Any CPU.ActiveCfg = Release|Any CPU
		{47C83EB9-683B-40F3-88C8-EE36DD77A109}.Release|Any CPU.Build.0 = Release|Any CPU
		{E3376915-F15D-425D-B3E4-E2B5F6783503}.Debug|Any CPU.ActiveCfg = Debug|Any CPU
		{E3376915-F15D-425D-B3E4-E2B5F6783503}.Debug|Any CPU.Build.0 = Debug|Any CPU
		{E3376915-F15D-425D-B3E4-E2B5F6783503}.Release|Any CPU.ActiveCfg = Release|Any CPU
		{E3376915-F15D-425D-B3E4-E2B5F6783503}.Release|Any CPU.Build.0 = Release|Any CPU
		{A1DBE54A-E63D-4427-8777-7F78638C8F3E}.Debug|Any CPU.ActiveCfg = Debug|Any CPU
		{A1DBE54A-E63D-4427-8777-7F78638C8F3E}.Debug|Any CPU.Build.0 = Debug|Any CPU
		{A1DBE54A-E63D-4427-8777-7F78638C8F3E}.Release|Any CPU.ActiveCfg = Release|Any CPU
		{A1DBE54A-E63D-4427-8777-7F78638C8F3E}.Release|Any CPU.Build.0 = Release|Any CPU
		{8A9F87EB-4A37-4CB5-9CA4-314CEC6F2BA3}.Debug|Any CPU.ActiveCfg = Debug|Any CPU
		{8A9F87EB-4A37-4CB5-9CA4-314CEC6F2BA3}.Debug|Any CPU.Build.0 = Debug|Any CPU
		{8A9F87EB-4A37-4CB5-9CA4-314CEC6F2BA3}.Release|Any CPU.ActiveCfg = Release|Any CPU
		{8A9F87EB-4A37-4CB5-9CA4-314CEC6F2BA3}.Release|Any CPU.Build.0 = Release|Any CPU
		{BB7389AF-25AD-4BB0-BD08-B70EC2A795C1}.Debug|Any CPU.ActiveCfg = Debug|Any CPU
		{BB7389AF-25AD-4BB0-BD08-B70EC2A795C1}.Debug|Any CPU.Build.0 = Debug|Any CPU
		{BB7389AF-25AD-4BB0-BD08-B70EC2A795C1}.Release|Any CPU.ActiveCfg = Release|Any CPU
		{BB7389AF-25AD-4BB0-BD08-B70EC2A795C1}.Release|Any CPU.Build.0 = Release|Any CPU
		{B3628BA7-F2AF-4D06-98DD-CE931DACE608}.Debug|Any CPU.ActiveCfg = Debug|Any CPU
		{B3628BA7-F2AF-4D06-98DD-CE931DACE608}.Debug|Any CPU.Build.0 = Debug|Any CPU
		{B3628BA7-F2AF-4D06-98DD-CE931DACE608}.Release|Any CPU.ActiveCfg = Release|Any CPU
		{B3628BA7-F2AF-4D06-98DD-CE931DACE608}.Release|Any CPU.Build.0 = Release|Any CPU
		{04AA8193-A51B-42FF-AEAE-0B720D2E867C}.Debug|Any CPU.ActiveCfg = Debug|Any CPU
		{04AA8193-A51B-42FF-AEAE-0B720D2E867C}.Debug|Any CPU.Build.0 = Debug|Any CPU
		{04AA8193-A51B-42FF-AEAE-0B720D2E867C}.Release|Any CPU.ActiveCfg = Release|Any CPU
		{04AA8193-A51B-42FF-AEAE-0B720D2E867C}.Release|Any CPU.Build.0 = Release|Any CPU
		{7A602ACF-AA81-473A-BA26-3A8610B7D1CC}.Debug|Any CPU.ActiveCfg = Debug|Any CPU
		{7A602ACF-AA81-473A-BA26-3A8610B7D1CC}.Debug|Any CPU.Build.0 = Debug|Any CPU
		{7A602ACF-AA81-473A-BA26-3A8610B7D1CC}.Release|Any CPU.ActiveCfg = Release|Any CPU
		{7A602ACF-AA81-473A-BA26-3A8610B7D1CC}.Release|Any CPU.Build.0 = Release|Any CPU
		{D0CC1A7F-2558-4BA6-BF0A-67F80A3D17F0}.Debug|Any CPU.ActiveCfg = Debug|Any CPU
		{D0CC1A7F-2558-4BA6-BF0A-67F80A3D17F0}.Debug|Any CPU.Build.0 = Debug|Any CPU
		{D0CC1A7F-2558-4BA6-BF0A-67F80A3D17F0}.Release|Any CPU.ActiveCfg = Release|Any CPU
		{D0CC1A7F-2558-4BA6-BF0A-67F80A3D17F0}.Release|Any CPU.Build.0 = Release|Any CPU
		{FEECE02A-7C8F-497D-B913-BC34AFF6CC99}.Debug|Any CPU.ActiveCfg = Debug|Any CPU
		{FEECE02A-7C8F-497D-B913-BC34AFF6CC99}.Debug|Any CPU.Build.0 = Debug|Any CPU
		{FEECE02A-7C8F-497D-B913-BC34AFF6CC99}.Release|Any CPU.ActiveCfg = Release|Any CPU
		{FEECE02A-7C8F-497D-B913-BC34AFF6CC99}.Release|Any CPU.Build.0 = Release|Any CPU
		{2EDAEA10-E789-4B1D-8CB0-046C25D80130}.Debug|Any CPU.ActiveCfg = Debug|Any CPU
		{2EDAEA10-E789-4B1D-8CB0-046C25D80130}.Debug|Any CPU.Build.0 = Debug|Any CPU
		{2EDAEA10-E789-4B1D-8CB0-046C25D80130}.Release|Any CPU.ActiveCfg = Release|Any CPU
		{2EDAEA10-E789-4B1D-8CB0-046C25D80130}.Release|Any CPU.Build.0 = Release|Any CPU
		{102CC797-1179-4B07-80C6-3BC5C86E4A0C}.Debug|Any CPU.ActiveCfg = Debug|Any CPU
		{102CC797-1179-4B07-80C6-3BC5C86E4A0C}.Debug|Any CPU.Build.0 = Debug|Any CPU
		{102CC797-1179-4B07-80C6-3BC5C86E4A0C}.Release|Any CPU.ActiveCfg = Release|Any CPU
		{102CC797-1179-4B07-80C6-3BC5C86E4A0C}.Release|Any CPU.Build.0 = Release|Any CPU
		{357E3C91-ED10-4DF5-9AC7-FDA1D7C499B4}.Debug|Any CPU.ActiveCfg = Debug|Any CPU
		{357E3C91-ED10-4DF5-9AC7-FDA1D7C499B4}.Debug|Any CPU.Build.0 = Debug|Any CPU
		{357E3C91-ED10-4DF5-9AC7-FDA1D7C499B4}.Release|Any CPU.ActiveCfg = Release|Any CPU
		{357E3C91-ED10-4DF5-9AC7-FDA1D7C499B4}.Release|Any CPU.Build.0 = Release|Any CPU
		{EF5F330C-9886-406A-AACA-C8E37CE9DE99}.Debug|Any CPU.ActiveCfg = Debug|Any CPU
		{EF5F330C-9886-406A-AACA-C8E37CE9DE99}.Debug|Any CPU.Build.0 = Debug|Any CPU
		{EF5F330C-9886-406A-AACA-C8E37CE9DE99}.Release|Any CPU.ActiveCfg = Release|Any CPU
		{EF5F330C-9886-406A-AACA-C8E37CE9DE99}.Release|Any CPU.Build.0 = Release|Any CPU
		{A5F52FF8-BF80-438D-BEC8-282B57EB28C2}.Debug|Any CPU.ActiveCfg = Debug|Any CPU
		{A5F52FF8-BF80-438D-BEC8-282B57EB28C2}.Debug|Any CPU.Build.0 = Debug|Any CPU
		{A5F52FF8-BF80-438D-BEC8-282B57EB28C2}.Release|Any CPU.ActiveCfg = Release|Any CPU
		{A5F52FF8-BF80-438D-BEC8-282B57EB28C2}.Release|Any CPU.Build.0 = Release|Any CPU
		{4D65AF49-ECFC-486B-A724-16474DB5349C}.Debug|Any CPU.ActiveCfg = Debug|Any CPU
		{4D65AF49-ECFC-486B-A724-16474DB5349C}.Debug|Any CPU.Build.0 = Debug|Any CPU
		{4D65AF49-ECFC-486B-A724-16474DB5349C}.Release|Any CPU.ActiveCfg = Release|Any CPU
		{4D65AF49-ECFC-486B-A724-16474DB5349C}.Release|Any CPU.Build.0 = Release|Any CPU
		{D45D73A3-5147-44E9-A427-36C9074A609C}.Debug|Any CPU.ActiveCfg = Debug|Any CPU
		{D45D73A3-5147-44E9-A427-36C9074A609C}.Debug|Any CPU.Build.0 = Debug|Any CPU
		{D45D73A3-5147-44E9-A427-36C9074A609C}.Release|Any CPU.ActiveCfg = Release|Any CPU
		{D45D73A3-5147-44E9-A427-36C9074A609C}.Release|Any CPU.Build.0 = Release|Any CPU
		{D64A1F21-07D3-4067-855F-1C4092E0FC53}.Debug|Any CPU.ActiveCfg = Debug|Any CPU
		{D64A1F21-07D3-4067-855F-1C4092E0FC53}.Debug|Any CPU.Build.0 = Debug|Any CPU
		{D64A1F21-07D3-4067-855F-1C4092E0FC53}.Release|Any CPU.ActiveCfg = Release|Any CPU
		{D64A1F21-07D3-4067-855F-1C4092E0FC53}.Release|Any CPU.Build.0 = Release|Any CPU
		{0DF32CAD-87F0-4A9C-ABAC-03F8E81C8608}.Debug|Any CPU.ActiveCfg = Debug|Any CPU
		{0DF32CAD-87F0-4A9C-ABAC-03F8E81C8608}.Debug|Any CPU.Build.0 = Debug|Any CPU
		{0DF32CAD-87F0-4A9C-ABAC-03F8E81C8608}.Release|Any CPU.ActiveCfg = Release|Any CPU
		{0DF32CAD-87F0-4A9C-ABAC-03F8E81C8608}.Release|Any CPU.Build.0 = Release|Any CPU
		{60DECAE0-2E3F-4D2D-AC30-AB5382724002}.Debug|Any CPU.ActiveCfg = Debug|Any CPU
		{60DECAE0-2E3F-4D2D-AC30-AB5382724002}.Debug|Any CPU.Build.0 = Debug|Any CPU
		{60DECAE0-2E3F-4D2D-AC30-AB5382724002}.Release|Any CPU.ActiveCfg = Release|Any CPU
		{60DECAE0-2E3F-4D2D-AC30-AB5382724002}.Release|Any CPU.Build.0 = Release|Any CPU
		{C0E9DE85-B318-46C3-BDF3-508DC08F9183}.Debug|Any CPU.ActiveCfg = Debug|Any CPU
		{C0E9DE85-B318-46C3-BDF3-508DC08F9183}.Debug|Any CPU.Build.0 = Debug|Any CPU
		{C0E9DE85-B318-46C3-BDF3-508DC08F9183}.Release|Any CPU.ActiveCfg = Release|Any CPU
		{C0E9DE85-B318-46C3-BDF3-508DC08F9183}.Release|Any CPU.Build.0 = Release|Any CPU
		{CD5632E1-3387-4D43-B773-98EB90764DF3}.Debug|Any CPU.ActiveCfg = Debug|Any CPU
		{CD5632E1-3387-4D43-B773-98EB90764DF3}.Debug|Any CPU.Build.0 = Debug|Any CPU
		{CD5632E1-3387-4D43-B773-98EB90764DF3}.Release|Any CPU.ActiveCfg = Release|Any CPU
		{CD5632E1-3387-4D43-B773-98EB90764DF3}.Release|Any CPU.Build.0 = Release|Any CPU
		{888FEDAD-80D0-43CF-8A70-C4D1B77EBC77}.Debug|Any CPU.ActiveCfg = Debug|Any CPU
		{888FEDAD-80D0-43CF-8A70-C4D1B77EBC77}.Debug|Any CPU.Build.0 = Debug|Any CPU
		{888FEDAD-80D0-43CF-8A70-C4D1B77EBC77}.Release|Any CPU.ActiveCfg = Release|Any CPU
		{888FEDAD-80D0-43CF-8A70-C4D1B77EBC77}.Release|Any CPU.Build.0 = Release|Any CPU
		{90B6A713-E8F2-42AD-88CA-8EC63647B00E}.Debug|Any CPU.ActiveCfg = Debug|Any CPU
		{90B6A713-E8F2-42AD-88CA-8EC63647B00E}.Debug|Any CPU.Build.0 = Debug|Any CPU
		{90B6A713-E8F2-42AD-88CA-8EC63647B00E}.Release|Any CPU.ActiveCfg = Release|Any CPU
		{90B6A713-E8F2-42AD-88CA-8EC63647B00E}.Release|Any CPU.Build.0 = Release|Any CPU
		{F91175FD-2ED8-4CFD-84FF-6F93AFC234E3}.Debug|Any CPU.ActiveCfg = Debug|Any CPU
		{F91175FD-2ED8-4CFD-84FF-6F93AFC234E3}.Debug|Any CPU.Build.0 = Debug|Any CPU
		{F91175FD-2ED8-4CFD-84FF-6F93AFC234E3}.Release|Any CPU.ActiveCfg = Release|Any CPU
		{F91175FD-2ED8-4CFD-84FF-6F93AFC234E3}.Release|Any CPU.Build.0 = Release|Any CPU
		{0BD749D3-C784-4AD7-9947-A17AA05F5088}.Debug|Any CPU.ActiveCfg = Debug|Any CPU
		{0BD749D3-C784-4AD7-9947-A17AA05F5088}.Debug|Any CPU.Build.0 = Debug|Any CPU
		{0BD749D3-C784-4AD7-9947-A17AA05F5088}.Release|Any CPU.ActiveCfg = Release|Any CPU
		{0BD749D3-C784-4AD7-9947-A17AA05F5088}.Release|Any CPU.Build.0 = Release|Any CPU
		{6643571E-7B6D-47AE-A63E-FE7FD49E6046}.Debug|Any CPU.ActiveCfg = Debug|Any CPU
		{6643571E-7B6D-47AE-A63E-FE7FD49E6046}.Debug|Any CPU.Build.0 = Debug|Any CPU
		{6643571E-7B6D-47AE-A63E-FE7FD49E6046}.Release|Any CPU.ActiveCfg = Release|Any CPU
		{6643571E-7B6D-47AE-A63E-FE7FD49E6046}.Release|Any CPU.Build.0 = Release|Any CPU
		{1BF1CBBF-F143-463D-B860-DCC60DF03597}.Debug|Any CPU.ActiveCfg = Debug|Any CPU
		{1BF1CBBF-F143-463D-B860-DCC60DF03597}.Debug|Any CPU.Build.0 = Debug|Any CPU
		{1BF1CBBF-F143-463D-B860-DCC60DF03597}.Release|Any CPU.ActiveCfg = Release|Any CPU
		{1BF1CBBF-F143-463D-B860-DCC60DF03597}.Release|Any CPU.Build.0 = Release|Any CPU
		{76569A25-A416-4EA9-92AB-B06ABB545CE4}.Debug|Any CPU.ActiveCfg = Debug|Any CPU
		{76569A25-A416-4EA9-92AB-B06ABB545CE4}.Debug|Any CPU.Build.0 = Debug|Any CPU
		{76569A25-A416-4EA9-92AB-B06ABB545CE4}.Release|Any CPU.ActiveCfg = Release|Any CPU
		{76569A25-A416-4EA9-92AB-B06ABB545CE4}.Release|Any CPU.Build.0 = Release|Any CPU
		{78842E73-BDF6-40B0-8587-37883A98B004}.Debug|Any CPU.ActiveCfg = Debug|Any CPU
		{78842E73-BDF6-40B0-8587-37883A98B004}.Debug|Any CPU.Build.0 = Debug|Any CPU
		{78842E73-BDF6-40B0-8587-37883A98B004}.Release|Any CPU.ActiveCfg = Release|Any CPU
		{78842E73-BDF6-40B0-8587-37883A98B004}.Release|Any CPU.Build.0 = Release|Any CPU
		{8737F6C7-05E1-449F-A1C1-66ED31473B3F}.Debug|Any CPU.ActiveCfg = Debug|Any CPU
		{8737F6C7-05E1-449F-A1C1-66ED31473B3F}.Debug|Any CPU.Build.0 = Debug|Any CPU
		{8737F6C7-05E1-449F-A1C1-66ED31473B3F}.Release|Any CPU.ActiveCfg = Release|Any CPU
		{8737F6C7-05E1-449F-A1C1-66ED31473B3F}.Release|Any CPU.Build.0 = Release|Any CPU
	EndGlobalSection
	GlobalSection(SolutionProperties) = preSolution
		HideSolutionNode = FALSE
	EndGlobalSection
	GlobalSection(NestedProjects) = preSolution
		{9C4EEAD0-EF3C-4854-B86C-D214D4B834A6} = {2A058AC8-B672-4B43-9A19-CC2D41643A32}
		{DE4A093A-999C-40B4-9C05-29C55551EBB7} = {2A058AC8-B672-4B43-9A19-CC2D41643A32}
		{34D2306E-C335-4D45-9279-74462F694CA4} = {2A058AC8-B672-4B43-9A19-CC2D41643A32}
		{12A09A53-D1B1-48BA-83A5-21FAFFCA93D9} = {2A058AC8-B672-4B43-9A19-CC2D41643A32}
		{77CA9F68-CF62-476A-9EEA-576E51D1CA70} = {2A058AC8-B672-4B43-9A19-CC2D41643A32}
		{7CF6C796-B44C-4889-8760-BD257632E2FB} = {2A058AC8-B672-4B43-9A19-CC2D41643A32}
		{40F7258A-A07C-4953-8EEA-D51AD4A8A8D3} = {3B5247DE-5D17-4C0E-9A6D-603D94C1699B}
		{B0ABFE12-9C16-4B07-9623-9D2DA085E6AD} = {3B5247DE-5D17-4C0E-9A6D-603D94C1699B}
		{B609F3C8-7CFA-4352-93CB-C658C1131559} = {3B5247DE-5D17-4C0E-9A6D-603D94C1699B}
		{82D6F3D6-0D9C-4C47-9077-8145B910D0DB} = {3B5247DE-5D17-4C0E-9A6D-603D94C1699B}
		{CF37D76F-C2D3-44E8-89CD-259410C2FEC7} = {076DA8EF-4782-411F-B34F-6BD8567B73E7}
		{757E19F3-2C58-4F89-8419-65A6B7C2342B} = {C785DB47-0517-4925-8075-7B45672BD4AE}
		{59B3B22A-9F6C-4861-9C6F-F4837A7AC817} = {C785DB47-0517-4925-8075-7B45672BD4AE}
		{F249827E-A316-420D-8110-EDE7E9CC0EBF} = {C785DB47-0517-4925-8075-7B45672BD4AE}
		{3D8A5FC5-86AE-480E-8E16-44973088A64B} = {0F25903B-E33A-4FF2-99FA-A4F873DAFEF4}
		{945E5075-942A-45DA-B6E7-B353F5D861E9} = {803E14E6-A278-4A40-83B6-6E70B1A006AE}
		{B52FDD80-3107-49D0-9DFF-51D4259525DE} = {803E14E6-A278-4A40-83B6-6E70B1A006AE}
		{A7E2B06F-6DD3-461D-816A-36A503A32FFD} = {93CF801A-496F-4A87-A138-887F68EF09BC}
		{F8B8B6B2-8B93-43B7-91D6-E5220225087F} = {BF39DDB9-FF4F-41F6-B52A-6841CDC6DC5D}
		{83F6761A-9DB7-4D83-B7FD-5E03A8B540FC} = {BF39DDB9-FF4F-41F6-B52A-6841CDC6DC5D}
		{6991D6C8-7FB5-42BF-B01C-E11B40EE8324} = {E879A63E-5C5A-4CD4-B38F-B776399BC79E}
		{B43BF575-9D6C-4E8E-BEF5-5E3F50B21828} = {1C0E3B79-EA88-433E-8CFA-D26B293E92E3}
		{AFD6C0AD-F99E-40C6-94B5-C8452F492DF5} = {1C0E3B79-EA88-433E-8CFA-D26B293E92E3}
		{A64AC3E5-A5F1-4EE5-876E-424B9241E2EB} = {8A97DD7D-83AD-4BCC-93C6-3B2F4C159A3B}
		{3C4FA1A3-4CD8-4398-AFF0-7E0470A473EB} = {C303E9A5-DD56-43EA-B3B9-405E9C014CD9}
		{167323A4-DB8E-4ACE-B324-CD365614EDB6} = {C303E9A5-DD56-43EA-B3B9-405E9C014CD9}
		{88429F4F-606C-4F61-B12B-CABCD33E8BCB} = {9C25B1E1-0546-45BB-A150-01D49BC01F29}
		{256DADEF-900E-4779-8043-8DA79E226501} = {9C25B1E1-0546-45BB-A150-01D49BC01F29}
		{51E811D2-83D2-40BD-A0E1-83ABB5F754C7} = {9C25B1E1-0546-45BB-A150-01D49BC01F29}
		{93B55AEB-EAE8-462B-B48F-65045D74CDC1} = {68AB2C5E-0729-45D0-A5BF-242DB2782E35}
		{4CFAE5DA-A955-4A11-B0DC-D4B94D355733} = {13D07071-E7D3-4581-98E7-C9FBA22DC857}
		{47C83EB9-683B-40F3-88C8-EE36DD77A109} = {4FC92B2E-D01A-46B1-949E-F53038734DD3}
		{E3376915-F15D-425D-B3E4-E2B5F6783503} = {4FC92B2E-D01A-46B1-949E-F53038734DD3}
		{A1DBE54A-E63D-4427-8777-7F78638C8F3E} = {E4531D61-F5D3-463D-B0C7-2C3C65AAB62F}
		{8A9F87EB-4A37-4CB5-9CA4-314CEC6F2BA3} = {E4531D61-F5D3-463D-B0C7-2C3C65AAB62F}
		{BB7389AF-25AD-4BB0-BD08-B70EC2A795C1} = {33977192-F527-4787-952B-C6FA63AE80BC}
		{B3628BA7-F2AF-4D06-98DD-CE931DACE608} = {33977192-F527-4787-952B-C6FA63AE80BC}
		{04AA8193-A51B-42FF-AEAE-0B720D2E867C} = {86C0E93E-B743-46A9-B40E-CE839CFCF46C}
		{7A602ACF-AA81-473A-BA26-3A8610B7D1CC} = {86C0E93E-B743-46A9-B40E-CE839CFCF46C}
		{D0CC1A7F-2558-4BA6-BF0A-67F80A3D17F0} = {9825396A-16C6-489E-98B7-83FB408EC8A8}
		{FEECE02A-7C8F-497D-B913-BC34AFF6CC99} = {4D3A30DE-159B-4119-B96D-98C1A916424D}
		{2EDAEA10-E789-4B1D-8CB0-046C25D80130} = {4D3A30DE-159B-4119-B96D-98C1A916424D}
		{102CC797-1179-4B07-80C6-3BC5C86E4A0C} = {3F982ACF-4DBE-46FC-A393-7695E4BF0337}
		{357E3C91-ED10-4DF5-9AC7-FDA1D7C499B4} = {70904A52-6359-41CD-BD2E-5A02441CDFE5}
		{EF5F330C-9886-406A-AACA-C8E37CE9DE99} = {70904A52-6359-41CD-BD2E-5A02441CDFE5}
		{A5F52FF8-BF80-438D-BEC8-282B57EB28C2} = {15014C16-E4B0-43FC-9B49-ED2C17681D77}
		{4D65AF49-ECFC-486B-A724-16474DB5349C} = {27E66E1B-53B9-45A0-AB61-35604506A6C7}
		{D45D73A3-5147-44E9-A427-36C9074A609C} = {A785F998-0853-48C7-9843-FF3A32C6C508}
		{D64A1F21-07D3-4067-855F-1C4092E0FC53} = {06464CFF-F45D-4962-B05A-4A07150977C8}
		{0DF32CAD-87F0-4A9C-ABAC-03F8E81C8608} = {06464CFF-F45D-4962-B05A-4A07150977C8}
		{60DECAE0-2E3F-4D2D-AC30-AB5382724002} = {06464CFF-F45D-4962-B05A-4A07150977C8}
		{C0E9DE85-B318-46C3-BDF3-508DC08F9183} = {06464CFF-F45D-4962-B05A-4A07150977C8}
		{CD5632E1-3387-4D43-B773-98EB90764DF3} = {06464CFF-F45D-4962-B05A-4A07150977C8}
		{888FEDAD-80D0-43CF-8A70-C4D1B77EBC77} = {06464CFF-F45D-4962-B05A-4A07150977C8}
		{90B6A713-E8F2-42AD-88CA-8EC63647B00E} = {06464CFF-F45D-4962-B05A-4A07150977C8}
		{F91175FD-2ED8-4CFD-84FF-6F93AFC234E3} = {06464CFF-F45D-4962-B05A-4A07150977C8}
		{0BD749D3-C784-4AD7-9947-A17AA05F5088} = {06464CFF-F45D-4962-B05A-4A07150977C8}
		{6643571E-7B6D-47AE-A63E-FE7FD49E6046} = {06464CFF-F45D-4962-B05A-4A07150977C8}
		{1BF1CBBF-F143-463D-B860-DCC60DF03597} = {06464CFF-F45D-4962-B05A-4A07150977C8}
		{76569A25-A416-4EA9-92AB-B06ABB545CE4} = {06464CFF-F45D-4962-B05A-4A07150977C8}
		{78842E73-BDF6-40B0-8587-37883A98B004} = {06464CFF-F45D-4962-B05A-4A07150977C8}
		{8737F6C7-05E1-449F-A1C1-66ED31473B3F} = {06464CFF-F45D-4962-B05A-4A07150977C8}
	EndGlobalSection
	GlobalSection(ExtensibilityGlobals) = postSolution
		SolutionGuid = {FEF2AE04-E1EB-4232-9087-AC2EEDDB3F96}
	EndGlobalSection
EndGlobal
